
Microsoft Visual Studio Solution File, Format Version 12.00
# Visual Studio Version 17
VisualStudioVersion = 17.0.31903.59
MinimumVisualStudioVersion = 10.0.40219.1
Project("{FAE04EC0-301F-11D3-BF4B-00C04F79EFBC}") = "DevOpsTaskApp.Domain", "DevOpsTaskApp.Domain\DevOpsTaskApp.Domain.csproj", "{A55CE04C-931A-42CD-93DE-B038EBBA9BD2}"
EndProject
Project("{FAE04EC0-301F-11D3-BF4B-00C04F79EFBC}") = "DevOpsTaskApp.Application", "DevOpsTaskApp.Application\DevOpsTaskApp.Application.csproj", "{F0052B0F-AFEE-4540-BC7D-756054FA67C3}"
EndProject
Project("{FAE04EC0-301F-11D3-BF4B-00C04F79EFBC}") = "DevOpsTaskApp.Infrastructure", "DevOpsTaskApp.Infrastructure\DevOpsTaskApp.Infrastructure.csproj", "{B7240C9E-4E28-4794-8A9E-DDF853102E2E}"
EndProject
Project("{FAE04EC0-301F-11D3-BF4B-00C04F79EFBC}") = "DevOpsTaskApp.WebAPI", "DevOpsTaskApp.WebAPI\DevOpsTaskApp.WebAPI.csproj", "{392C7A84-753D-4644-A37B-3E29507C1F26}"
EndProject
Global
	GlobalSection(SolutionConfigurationPlatforms) = preSolution
		Debug|Any CPU = Debug|Any CPU
		Debug|x64 = Debug|x64
		Debug|x86 = Debug|x86
		Release|Any CPU = Release|Any CPU
		Release|x64 = Release|x64
		Release|x86 = Release|x86
	EndGlobalSection
	GlobalSection(ProjectConfigurationPlatforms) = postSolution
		{A55CE04C-931A-42CD-93DE-B038EBBA9BD2}.Debug|Any CPU.ActiveCfg = Debug|Any CPU
		{A55CE04C-931A-42CD-93DE-B038EBBA9BD2}.Debug|Any CPU.Build.0 = Debug|Any CPU
		{A55CE04C-931A-42CD-93DE-B038EBBA9BD2}.Debug|x64.ActiveCfg = Debug|Any CPU
		{A55CE04C-931A-42CD-93DE-B038EBBA9BD2}.Debug|x64.Build.0 = Debug|Any CPU
		{A55CE04C-931A-42CD-93DE-B038EBBA9BD2}.Debug|x86.ActiveCfg = Debug|Any CPU
		{A55CE04C-931A-42CD-93DE-B038EBBA9BD2}.Debug|x86.Build.0 = Debug|Any CPU
		{A55CE04C-931A-42CD-93DE-B038EBBA9BD2}.Release|Any CPU.ActiveCfg = Release|Any CPU
		{A55CE04C-931A-42CD-93DE-B038EBBA9BD2}.Release|Any CPU.Build.0 = Release|Any CPU
		{A55CE04C-931A-42CD-93DE-B038EBBA9BD2}.Release|x64.ActiveCfg = Release|Any CPU
		{A55CE04C-931A-42CD-93DE-B038EBBA9BD2}.Release|x64.Build.0 = Release|Any CPU
		{A55CE04C-931A-42CD-93DE-B038EBBA9BD2}.Release|x86.ActiveCfg = Release|Any CPU
		{A55CE04C-931A-42CD-93DE-B038EBBA9BD2}.Release|x86.Build.0 = Release|Any CPU
		{F0052B0F-AFEE-4540-BC7D-756054FA67C3}.Debug|Any CPU.ActiveCfg = Debug|Any CPU
		{F0052B0F-AFEE-4540-BC7D-756054FA67C3}.Debug|Any CPU.Build.0 = Debug|Any CPU
		{F0052B0F-AFEE-4540-BC7D-756054FA67C3}.Debug|x64.ActiveCfg = Debug|Any CPU
		{F0052B0F-AFEE-4540-BC7D-756054FA67C3}.Debug|x64.Build.0 = Debug|Any CPU
		{F0052B0F-AFEE-4540-BC7D-756054FA67C3}.Debug|x86.ActiveCfg = Debug|Any CPU
		{F0052B0F-AFEE-4540-BC7D-756054FA67C3}.Debug|x86.Build.0 = Debug|Any CPU
		{F0052B0F-AFEE-4540-BC7D-756054FA67C3}.Release|Any CPU.ActiveCfg = Release|Any CPU
		{F0052B0F-AFEE-4540-BC7D-756054FA67C3}.Release|Any CPU.Build.0 = Release|Any CPU
		{F0052B0F-AFEE-4540-BC7D-756054FA67C3}.Release|x64.ActiveCfg = Release|Any CPU
		{F0052B0F-AFEE-4540-BC7D-756054FA67C3}.Release|x64.Build.0 = Release|Any CPU
		{F0052B0F-AFEE-4540-BC7D-756054FA67C3}.Release|x86.ActiveCfg = Release|Any CPU
		{F0052B0F-AFEE-4540-BC7D-756054FA67C3}.Release|x86.Build.0 = Release|Any CPU
		{B7240C9E-4E28-4794-8A9E-DDF853102E2E}.Debug|Any CPU.ActiveCfg = Debug|Any CPU
		{B7240C9E-4E28-4794-8A9E-DDF853102E2E}.Debug|Any CPU.Build.0 = Debug|Any CPU
		{B7240C9E-4E28-4794-8A9E-DDF853102E2E}.Debug|x64.ActiveCfg = Debug|Any CPU
		{B7240C9E-4E28-4794-8A9E-DDF853102E2E}.Debug|x64.Build.0 = Debug|Any CPU
		{B7240C9E-4E28-4794-8A9E-DDF853102E2E}.Debug|x86.ActiveCfg = Debug|Any CPU
		{B7240C9E-4E28-4794-8A9E-DDF853102E2E}.Debug|x86.Build.0 = Debug|Any CPU
		{B7240C9E-4E28-4794-8A9E-DDF853102E2E}.Release|Any CPU.ActiveCfg = Release|Any CPU
		{B7240C9E-4E28-4794-8A9E-DDF853102E2E}.Release|Any CPU.Build.0 = Release|Any CPU
		{B7240C9E-4E28-4794-8A9E-DDF853102E2E}.Release|x64.ActiveCfg = Release|Any CPU
		{B7240C9E-4E28-4794-8A9E-DDF853102E2E}.Release|x64.Build.0 = Release|Any CPU
		{B7240C9E-4E28-4794-8A9E-DDF853102E2E}.Release|x86.ActiveCfg = Release|Any CPU
		{B7240C9E-4E28-4794-8A9E-DDF853102E2E}.Release|x86.Build.0 = Release|Any CPU
		{392C7A84-753D-4644-A37B-3E29507C1F26}.Debug|Any CPU.ActiveCfg = Debug|Any CPU
		{392C7A84-753D-4644-A37B-3E29507C1F26}.Debug|Any CPU.Build.0 = Debug|Any CPU
		{392C7A84-753D-4644-A37B-3E29507C1F26}.Debug|x64.ActiveCfg = Debug|Any CPU
		{392C7A84-753D-4644-A37B-3E29507C1F26}.Debug|x64.Build.0 = Debug|Any CPU
		{392C7A84-753D-4644-A37B-3E29507C1F26}.Debug|x86.ActiveCfg = Debug|Any CPU
		{392C7A84-753D-4644-A37B-3E29507C1F26}.Debug|x86.Build.0 = Debug|Any CPU
		{392C7A84-753D-4644-A37B-3E29507C1F26}.Release|Any CPU.ActiveCfg = Release|Any CPU
		{392C7A84-753D-4644-A37B-3E29507C1F26}.Release|Any CPU.Build.0 = Release|Any CPU
		{392C7A84-753D-4644-A37B-3E29507C1F26}.Release|x64.ActiveCfg = Release|Any CPU
		{392C7A84-753D-4644-A37B-3E29507C1F26}.Release|x64.Build.0 = Release|Any CPU
		{392C7A84-753D-4644-A37B-3E29507C1F26}.Release|x86.ActiveCfg = Release|Any CPU
		{392C7A84-753D-4644-A37B-3E29507C1F26}.Release|x86.Build.0 = Release|Any CPU
	EndGlobalSection
	GlobalSection(SolutionProperties) = preSolution
		HideSolutionNode = FALSE
	EndGlobalSection
EndGlobal
